
Microsoft Visual Studio Solution File, Format Version 12.00
# Visual Studio Version 17
VisualStudioVersion = 17.3.32929.385
MinimumVisualStudioVersion = 10.0.40219.1
Project("{9A19103F-16F7-4668-BE54-9A1E7A4F7556}") = "unit_test", "unit_test.csproj", "{1A219196-09A4-455E-B9CA-F798EBF9A44F}"
EndProject
Project("{9A19103F-16F7-4668-BE54-9A1E7A4F7556}") = "RookiesTests", "..\RookiesTests\RookiesTests.csproj", "{5B4F6462-7FB7-4EA4-9777-0165D568FB64}"
EndProject
Global
	GlobalSection(SolutionConfigurationPlatforms) = preSolution
		Debug|Any CPU = Debug|Any CPU
		Release|Any CPU = Release|Any CPU
	EndGlobalSection
	GlobalSection(ProjectConfigurationPlatforms) = postSolution
		{1A219196-09A4-455E-B9CA-F798EBF9A44F}.Debug|Any CPU.ActiveCfg = Debug|Any CPU
		{1A219196-09A4-455E-B9CA-F798EBF9A44F}.Debug|Any CPU.Build.0 = Debug|Any CPU
		{1A219196-09A4-455E-B9CA-F798EBF9A44F}.Release|Any CPU.ActiveCfg = Release|Any CPU
		{1A219196-09A4-455E-B9CA-F798EBF9A44F}.Release|Any CPU.Build.0 = Release|Any CPU
		{5B4F6462-7FB7-4EA4-9777-0165D568FB64}.Debug|Any CPU.ActiveCfg = Debug|Any CPU
		{5B4F6462-7FB7-4EA4-9777-0165D568FB64}.Debug|Any CPU.Build.0 = Debug|Any CPU
		{5B4F6462-7FB7-4EA4-9777-0165D568FB64}.Release|Any CPU.ActiveCfg = Release|Any CPU
		{5B4F6462-7FB7-4EA4-9777-0165D568FB64}.Release|Any CPU.Build.0 = Release|Any CPU
	EndGlobalSection
	GlobalSection(SolutionProperties) = preSolution
		HideSolutionNode = FALSE
	EndGlobalSection
	GlobalSection(ExtensibilityGlobals) = postSolution
		SolutionGuid = {E24B5651-D0B4-400A-96AF-0E562B280B2D}
	EndGlobalSection
EndGlobal
